// !$*UTF8*$!
{
	archiveVersion = 1;
	classes = {
	};
	objectVersion = 46;
	objects = {

/* Begin PBXBuildFile section */
		BC8ED7367082EFD219FBB065 /* libPods.a in Frameworks */ = {isa = PBXBuildFile; fileRef = C128A4EC93C920ED136614B3 /* libPods.a */; };
		DB05420B1A9B426F0087F90F /* AGTCoreDataStack.m in Sources */ = {isa = PBXBuildFile; fileRef = DB05420A1A9B426F0087F90F /* AGTCoreDataStack.m */; };
		DB05420E1A9B4CB70087F90F /* AGTCoreDataTableViewController.m in Sources */ = {isa = PBXBuildFile; fileRef = DB05420D1A9B4CB70087F90F /* AGTCoreDataTableViewController.m */; };
		DB2D28601AB8BE200042F206 /* mendeley.png in Resources */ = {isa = PBXBuildFile; fileRef = DB2D285F1AB8BE200042F206 /* mendeley.png */; };
		DB2D28621AB8C3AB0042F206 /* calendar.png in Resources */ = {isa = PBXBuildFile; fileRef = DB2D28611AB8C3AB0042F206 /* calendar.png */; };
		DB2D28661AB8CA170042F206 /* evernote_logo_center_4c-sm.png in Resources */ = {isa = PBXBuildFile; fileRef = DB2D28651AB8CA170042F206 /* evernote_logo_center_4c-sm.png */; };
		DB4E43091AA4CC8B00FEB8EA /* UIImage+Alpha.m in Sources */ = {isa = PBXBuildFile; fileRef = DB4E43041AA4CC8B00FEB8EA /* UIImage+Alpha.m */; };
		DB4E430A1AA4CC8B00FEB8EA /* UIImage+Resize.m in Sources */ = {isa = PBXBuildFile; fileRef = DB4E43061AA4CC8B00FEB8EA /* UIImage+Resize.m */; };
		DB4E430B1AA4CC8B00FEB8EA /* UIImage+RoundedCorner.m in Sources */ = {isa = PBXBuildFile; fileRef = DB4E43081AA4CC8B00FEB8EA /* UIImage+RoundedCorner.m */; };
		DB4E430F1AA4D02B00FEB8EA /* UIViewController+Navigation.m in Sources */ = {isa = PBXBuildFile; fileRef = DB4E430E1AA4D02B00FEB8EA /* UIViewController+Navigation.m */; };
		DB69644F1AAA5A200047FFA5 /* logo.png in Resources */ = {isa = PBXBuildFile; fileRef = DB69644E1AAA5A200047FFA5 /* logo.png */; };
		DB6964511AAA5EF30047FFA5 /* OpenSans-Regular.ttf in Resources */ = {isa = PBXBuildFile; fileRef = DB6964501AAA5EF30047FFA5 /* OpenSans-Regular.ttf */; };
		DB6B60E81A9D40A0000B3229 /* YOSAuthViewController.m in Sources */ = {isa = PBXBuildFile; fileRef = DB6B60E61A9D40A0000B3229 /* YOSAuthViewController.m */; };
		DB6B60E91A9D40A0000B3229 /* YOSAuthViewController.xib in Resources */ = {isa = PBXBuildFile; fileRef = DB6B60E71A9D40A0000B3229 /* YOSAuthViewController.xib */; };
		DB98CFE21A9E831000ECC6AA /* YOSJSONObjectGitHub.m in Sources */ = {isa = PBXBuildFile; fileRef = DB98CFE11A9E831000ECC6AA /* YOSJSONObjectGitHub.m */; };
		DB9B3A2E1A95F1B7003B3EE2 /* YOSServicesTableViewController.m in Sources */ = {isa = PBXBuildFile; fileRef = DB9B3A2D1A95F1B7003B3EE2 /* YOSServicesTableViewController.m */; };
		DB9B3A951A960BDB003B3EE2 /* _YOSEvent.m in Sources */ = {isa = PBXBuildFile; fileRef = DB9B3A921A960BDB003B3EE2 /* _YOSEvent.m */; };
		DB9B3A961A960BDB003B3EE2 /* YOSEvent.m in Sources */ = {isa = PBXBuildFile; fileRef = DB9B3A941A960BDB003B3EE2 /* YOSEvent.m */; };
		DBC4E6DB1A9B88E00044F22A /* _YOSCredential.m in Sources */ = {isa = PBXBuildFile; fileRef = DBC4E6D81A9B88E00044F22A /* _YOSCredential.m */; };
		DBC4E6DC1A9B88E00044F22A /* YOSCredential.m in Sources */ = {isa = PBXBuildFile; fileRef = DBC4E6DA1A9B88E00044F22A /* YOSCredential.m */; };
		DBC4E6E01A9B8E200044F22A /* YOSEventTableViewCell.m in Sources */ = {isa = PBXBuildFile; fileRef = DBC4E6DE1A9B8E200044F22A /* YOSEventTableViewCell.m */; };
		DBC4E6E11A9B8E200044F22A /* YOSEventTableViewCell.xib in Resources */ = {isa = PBXBuildFile; fileRef = DBC4E6DF1A9B8E200044F22A /* YOSEventTableViewCell.xib */; };
		DBC4E6E51A9BA8D50044F22A /* YOSEventsTableViewController.m in Sources */ = {isa = PBXBuildFile; fileRef = DBC4E6E41A9BA8D50044F22A /* YOSEventsTableViewController.m */; };
		DBC4E6E91A9BB3450044F22A /* YOSServiceTableViewCell.m in Sources */ = {isa = PBXBuildFile; fileRef = DBC4E6E71A9BB3450044F22A /* YOSServiceTableViewCell.m */; };
		DBC4E6EA1A9BB3450044F22A /* YOSServiceTableViewCell.xib in Resources */ = {isa = PBXBuildFile; fileRef = DBC4E6E81A9BB3450044F22A /* YOSServiceTableViewCell.xib */; };
		DBC4E6EE1A9BDA300044F22A /* octocat.png in Resources */ = {isa = PBXBuildFile; fileRef = DBC4E6ED1A9BDA300044F22A /* octocat.png */; };
		DBC4E6F01A9BDA600044F22A /* dropbox.png in Resources */ = {isa = PBXBuildFile; fileRef = DBC4E6EF1A9BDA600044F22A /* dropbox.png */; };
		DBC4E6F21A9BDA7D0044F22A /* googleDrive.png in Resources */ = {isa = PBXBuildFile; fileRef = DBC4E6F11A9BDA7D0044F22A /* googleDrive.png */; };
		DBD7E9B31AB32F60006BFF2A /* OpenSans-Bold.ttf in Resources */ = {isa = PBXBuildFile; fileRef = DBD7E9AF1AB32F60006BFF2A /* OpenSans-Bold.ttf */; };
		DBD7E9B51AB32F60006BFF2A /* OpenSans-Light.ttf in Resources */ = {isa = PBXBuildFile; fileRef = DBD7E9B11AB32F60006BFF2A /* OpenSans-Light.ttf */; };
		DBD7E9B91AB35FD7006BFF2A /* YOSStyle.m in Sources */ = {isa = PBXBuildFile; fileRef = DBD7E9B81AB35FD7006BFF2A /* YOSStyle.m */; };
		DBD940B71A9367F300CBD51F /* main.m in Sources */ = {isa = PBXBuildFile; fileRef = DBD940B61A9367F300CBD51F /* main.m */; };
		DBD940BA1A9367F300CBD51F /* YOSAppDelegate.m in Sources */ = {isa = PBXBuildFile; fileRef = DBD940B91A9367F300CBD51F /* YOSAppDelegate.m */; };
		DBD940BC1A9367F300CBD51F /* Images.xcassets in Resources */ = {isa = PBXBuildFile; fileRef = DBD940BB1A9367F300CBD51F /* Images.xcassets */; };
		DBD940BF1A9367F300CBD51F /* LaunchScreen.xib in Resources */ = {isa = PBXBuildFile; fileRef = DBD940BD1A9367F300CBD51F /* LaunchScreen.xib */; };
		DBD940CB1A9367F300CBD51F /* GossipTests.m in Sources */ = {isa = PBXBuildFile; fileRef = DBD940CA1A9367F300CBD51F /* GossipTests.m */; };
		DBD940DC1A93716000CBD51F /* YOSGossipBaseClass.m in Sources */ = {isa = PBXBuildFile; fileRef = DBD940DB1A93716000CBD51F /* YOSGossipBaseClass.m */; };
		DBD940F51A9374AF00CBD51F /* Model.xcdatamodeld in Sources */ = {isa = PBXBuildFile; fileRef = DBD940F31A9374AF00CBD51F /* Model.xcdatamodeld */; };
		DBD941271A93785000CBD51F /* _YOSPhotoContainer.m in Sources */ = {isa = PBXBuildFile; fileRef = DBD9411C1A93785000CBD51F /* _YOSPhotoContainer.m */; };
		DBD941281A93785000CBD51F /* _YOSService.m in Sources */ = {isa = PBXBuildFile; fileRef = DBD9411E1A93785000CBD51F /* _YOSService.m */; };
		DBD9412A1A93785000CBD51F /* YOSPhotoContainer.m in Sources */ = {isa = PBXBuildFile; fileRef = DBD941221A93785000CBD51F /* YOSPhotoContainer.m */; };
		DBD9412B1A93785000CBD51F /* YOSService.m in Sources */ = {isa = PBXBuildFile; fileRef = DBD941241A93785000CBD51F /* YOSService.m */; };
		DBDEB7771AA6A2C6009F60D2 /* YOSWebViewController.m in Sources */ = {isa = PBXBuildFile; fileRef = DBDEB7751AA6A2C6009F60D2 /* YOSWebViewController.m */; };
		DBDEB7781AA6A2C6009F60D2 /* YOSWebViewController.xib in Resources */ = {isa = PBXBuildFile; fileRef = DBDEB7761AA6A2C6009F60D2 /* YOSWebViewController.xib */; };
		DBE038AA1AA8849D00A80C10 /* YOSGoogleOAuth.m in Sources */ = {isa = PBXBuildFile; fileRef = DBE038A91AA8849D00A80C10 /* YOSGoogleOAuth.m */; };
		DBE038BA1AA910F700A80C10 /* YOSLog.m in Sources */ = {isa = PBXBuildFile; fileRef = DBE038B91AA910F700A80C10 /* YOSLog.m */; };
		DBE038BE1AA9588000A80C10 /* YOSServices.m in Sources */ = {isa = PBXBuildFile; fileRef = DBE038BD1AA9588000A80C10 /* YOSServices.m */; };
/* End PBXBuildFile section */

/* Begin PBXContainerItemProxy section */
		DBD940C51A9367F300CBD51F /* PBXContainerItemProxy */ = {
			isa = PBXContainerItemProxy;
			containerPortal = DBD940A91A9367F200CBD51F /* Project object */;
			proxyType = 1;
			remoteGlobalIDString = DBD940B01A9367F300CBD51F;
			remoteInfo = Gossip;
		};
/* End PBXContainerItemProxy section */

/* Begin PBXFileReference section */
		4D8321D186707DE2DF38B8AA /* Pods.release.xcconfig */ = {isa = PBXFileReference; includeInIndex = 1; lastKnownFileType = text.xcconfig; name = Pods.release.xcconfig; path = "Pods/Target Support Files/Pods/Pods.release.xcconfig"; sourceTree = "<group>"; };
		99266B6DF7C1B1470F3288CD /* Pods.debug.xcconfig */ = {isa = PBXFileReference; includeInIndex = 1; lastKnownFileType = text.xcconfig; name = Pods.debug.xcconfig; path = "Pods/Target Support Files/Pods/Pods.debug.xcconfig"; sourceTree = "<group>"; };
		C128A4EC93C920ED136614B3 /* libPods.a */ = {isa = PBXFileReference; explicitFileType = archive.ar; includeInIndex = 0; path = libPods.a; sourceTree = BUILT_PRODUCTS_DIR; };
		DB0542091A9B426F0087F90F /* AGTCoreDataStack.h */ = {isa = PBXFileReference; fileEncoding = 4; lastKnownFileType = sourcecode.c.h; name = AGTCoreDataStack.h; path = Gossip/AGTCoreDataStack.h; sourceTree = "<group>"; };
		DB05420A1A9B426F0087F90F /* AGTCoreDataStack.m */ = {isa = PBXFileReference; fileEncoding = 4; lastKnownFileType = sourcecode.c.objc; name = AGTCoreDataStack.m; path = Gossip/AGTCoreDataStack.m; sourceTree = "<group>"; };
		DB05420C1A9B4CB70087F90F /* AGTCoreDataTableViewController.h */ = {isa = PBXFileReference; fileEncoding = 4; lastKnownFileType = sourcecode.c.h; path = AGTCoreDataTableViewController.h; sourceTree = "<group>"; };
		DB05420D1A9B4CB70087F90F /* AGTCoreDataTableViewController.m */ = {isa = PBXFileReference; fileEncoding = 4; lastKnownFileType = sourcecode.c.objc; path = AGTCoreDataTableViewController.m; sourceTree = "<group>"; };
		DB2D285F1AB8BE200042F206 /* mendeley.png */ = {isa = PBXFileReference; lastKnownFileType = image.png; path = mendeley.png; sourceTree = "<group>"; };
		DB2D28611AB8C3AB0042F206 /* calendar.png */ = {isa = PBXFileReference; lastKnownFileType = image.png; path = calendar.png; sourceTree = "<group>"; };
		DB2D28651AB8CA170042F206 /* evernote_logo_center_4c-sm.png */ = {isa = PBXFileReference; lastKnownFileType = image.png; path = "evernote_logo_center_4c-sm.png"; sourceTree = "<group>"; };
		DB4E43031AA4CC8B00FEB8EA /* UIImage+Alpha.h */ = {isa = PBXFileReference; fileEncoding = 4; lastKnownFileType = sourcecode.c.h; path = "UIImage+Alpha.h"; sourceTree = "<group>"; };
		DB4E43041AA4CC8B00FEB8EA /* UIImage+Alpha.m */ = {isa = PBXFileReference; fileEncoding = 4; lastKnownFileType = sourcecode.c.objc; path = "UIImage+Alpha.m"; sourceTree = "<group>"; };
		DB4E43051AA4CC8B00FEB8EA /* UIImage+Resize.h */ = {isa = PBXFileReference; fileEncoding = 4; lastKnownFileType = sourcecode.c.h; path = "UIImage+Resize.h"; sourceTree = "<group>"; };
		DB4E43061AA4CC8B00FEB8EA /* UIImage+Resize.m */ = {isa = PBXFileReference; fileEncoding = 4; lastKnownFileType = sourcecode.c.objc; path = "UIImage+Resize.m"; sourceTree = "<group>"; };
		DB4E43071AA4CC8B00FEB8EA /* UIImage+RoundedCorner.h */ = {isa = PBXFileReference; fileEncoding = 4; lastKnownFileType = sourcecode.c.h; path = "UIImage+RoundedCorner.h"; sourceTree = "<group>"; };
		DB4E43081AA4CC8B00FEB8EA /* UIImage+RoundedCorner.m */ = {isa = PBXFileReference; fileEncoding = 4; lastKnownFileType = sourcecode.c.objc; path = "UIImage+RoundedCorner.m"; sourceTree = "<group>"; };
		DB4E430D1AA4D02B00FEB8EA /* UIViewController+Navigation.h */ = {isa = PBXFileReference; fileEncoding = 4; lastKnownFileType = sourcecode.c.h; path = "UIViewController+Navigation.h"; sourceTree = "<group>"; };
		DB4E430E1AA4D02B00FEB8EA /* UIViewController+Navigation.m */ = {isa = PBXFileReference; fileEncoding = 4; lastKnownFileType = sourcecode.c.objc; path = "UIViewController+Navigation.m"; sourceTree = "<group>"; };
		DB69644E1AAA5A200047FFA5 /* logo.png */ = {isa = PBXFileReference; lastKnownFileType = image.png; path = logo.png; sourceTree = "<group>"; };
		DB6964501AAA5EF30047FFA5 /* OpenSans-Regular.ttf */ = {isa = PBXFileReference; lastKnownFileType = file; path = "OpenSans-Regular.ttf"; sourceTree = "<group>"; };
		DB6B60E51A9D40A0000B3229 /* YOSAuthViewController.h */ = {isa = PBXFileReference; fileEncoding = 4; lastKnownFileType = sourcecode.c.h; path = YOSAuthViewController.h; sourceTree = "<group>"; };
		DB6B60E61A9D40A0000B3229 /* YOSAuthViewController.m */ = {isa = PBXFileReference; fileEncoding = 4; lastKnownFileType = sourcecode.c.objc; path = YOSAuthViewController.m; sourceTree = "<group>"; };
		DB6B60E71A9D40A0000B3229 /* YOSAuthViewController.xib */ = {isa = PBXFileReference; fileEncoding = 4; lastKnownFileType = file.xib; path = YOSAuthViewController.xib; sourceTree = "<group>"; };
		DB98CFE01A9E831000ECC6AA /* YOSJSONObjectGitHub.h */ = {isa = PBXFileReference; fileEncoding = 4; lastKnownFileType = sourcecode.c.h; path = YOSJSONObjectGitHub.h; sourceTree = "<group>"; };
		DB98CFE11A9E831000ECC6AA /* YOSJSONObjectGitHub.m */ = {isa = PBXFileReference; fileEncoding = 4; lastKnownFileType = sourcecode.c.objc; path = YOSJSONObjectGitHub.m; sourceTree = "<group>"; };
		DB9B3A2C1A95F1B7003B3EE2 /* YOSServicesTableViewController.h */ = {isa = PBXFileReference; fileEncoding = 4; lastKnownFileType = sourcecode.c.h; path = YOSServicesTableViewController.h; sourceTree = "<group>"; };
		DB9B3A2D1A95F1B7003B3EE2 /* YOSServicesTableViewController.m */ = {isa = PBXFileReference; fileEncoding = 4; lastKnownFileType = sourcecode.c.objc; path = YOSServicesTableViewController.m; sourceTree = "<group>"; };
		DB9B3A911A960BDB003B3EE2 /* _YOSEvent.h */ = {isa = PBXFileReference; fileEncoding = 4; lastKnownFileType = sourcecode.c.h; name = _YOSEvent.h; path = Gossip/_YOSEvent.h; sourceTree = "<group>"; };
		DB9B3A921A960BDB003B3EE2 /* _YOSEvent.m */ = {isa = PBXFileReference; fileEncoding = 4; lastKnownFileType = sourcecode.c.objc; name = _YOSEvent.m; path = Gossip/_YOSEvent.m; sourceTree = "<group>"; };
		DB9B3A931A960BDB003B3EE2 /* YOSEvent.h */ = {isa = PBXFileReference; fileEncoding = 4; lastKnownFileType = sourcecode.c.h; name = YOSEvent.h; path = Gossip/YOSEvent.h; sourceTree = "<group>"; };
		DB9B3A941A960BDB003B3EE2 /* YOSEvent.m */ = {isa = PBXFileReference; fileEncoding = 4; lastKnownFileType = sourcecode.c.objc; name = YOSEvent.m; path = Gossip/YOSEvent.m; sourceTree = "<group>"; };
		DBC4E6D71A9B88E00044F22A /* _YOSCredential.h */ = {isa = PBXFileReference; fileEncoding = 4; lastKnownFileType = sourcecode.c.h; name = _YOSCredential.h; path = Gossip/_YOSCredential.h; sourceTree = "<group>"; };
		DBC4E6D81A9B88E00044F22A /* _YOSCredential.m */ = {isa = PBXFileReference; fileEncoding = 4; lastKnownFileType = sourcecode.c.objc; name = _YOSCredential.m; path = Gossip/_YOSCredential.m; sourceTree = "<group>"; };
		DBC4E6D91A9B88E00044F22A /* YOSCredential.h */ = {isa = PBXFileReference; fileEncoding = 4; lastKnownFileType = sourcecode.c.h; name = YOSCredential.h; path = Gossip/YOSCredential.h; sourceTree = "<group>"; };
		DBC4E6DA1A9B88E00044F22A /* YOSCredential.m */ = {isa = PBXFileReference; fileEncoding = 4; lastKnownFileType = sourcecode.c.objc; name = YOSCredential.m; path = Gossip/YOSCredential.m; sourceTree = "<group>"; };
		DBC4E6DD1A9B8E200044F22A /* YOSEventTableViewCell.h */ = {isa = PBXFileReference; fileEncoding = 4; lastKnownFileType = sourcecode.c.h; path = YOSEventTableViewCell.h; sourceTree = "<group>"; };
		DBC4E6DE1A9B8E200044F22A /* YOSEventTableViewCell.m */ = {isa = PBXFileReference; fileEncoding = 4; lastKnownFileType = sourcecode.c.objc; path = YOSEventTableViewCell.m; sourceTree = "<group>"; };
		DBC4E6DF1A9B8E200044F22A /* YOSEventTableViewCell.xib */ = {isa = PBXFileReference; fileEncoding = 4; lastKnownFileType = file.xib; path = YOSEventTableViewCell.xib; sourceTree = "<group>"; };
		DBC4E6E31A9BA8D50044F22A /* YOSEventsTableViewController.h */ = {isa = PBXFileReference; fileEncoding = 4; lastKnownFileType = sourcecode.c.h; path = YOSEventsTableViewController.h; sourceTree = "<group>"; };
		DBC4E6E41A9BA8D50044F22A /* YOSEventsTableViewController.m */ = {isa = PBXFileReference; fileEncoding = 4; lastKnownFileType = sourcecode.c.objc; path = YOSEventsTableViewController.m; sourceTree = "<group>"; };
		DBC4E6E61A9BB3450044F22A /* YOSServiceTableViewCell.h */ = {isa = PBXFileReference; fileEncoding = 4; lastKnownFileType = sourcecode.c.h; path = YOSServiceTableViewCell.h; sourceTree = "<group>"; };
		DBC4E6E71A9BB3450044F22A /* YOSServiceTableViewCell.m */ = {isa = PBXFileReference; fileEncoding = 4; lastKnownFileType = sourcecode.c.objc; path = YOSServiceTableViewCell.m; sourceTree = "<group>"; };
		DBC4E6E81A9BB3450044F22A /* YOSServiceTableViewCell.xib */ = {isa = PBXFileReference; fileEncoding = 4; lastKnownFileType = file.xib; path = YOSServiceTableViewCell.xib; sourceTree = "<group>"; };
		DBC4E6ED1A9BDA300044F22A /* octocat.png */ = {isa = PBXFileReference; lastKnownFileType = image.png; path = octocat.png; sourceTree = "<group>"; };
		DBC4E6EF1A9BDA600044F22A /* dropbox.png */ = {isa = PBXFileReference; lastKnownFileType = image.png; path = dropbox.png; sourceTree = "<group>"; };
		DBC4E6F11A9BDA7D0044F22A /* googleDrive.png */ = {isa = PBXFileReference; lastKnownFileType = image.png; path = googleDrive.png; sourceTree = "<group>"; };
		DBD7E9AF1AB32F60006BFF2A /* OpenSans-Bold.ttf */ = {isa = PBXFileReference; lastKnownFileType = file; path = "OpenSans-Bold.ttf"; sourceTree = "<group>"; };
		DBD7E9B11AB32F60006BFF2A /* OpenSans-Light.ttf */ = {isa = PBXFileReference; lastKnownFileType = file; path = "OpenSans-Light.ttf"; sourceTree = "<group>"; };
		DBD7E9B71AB35FD7006BFF2A /* YOSStyle.h */ = {isa = PBXFileReference; fileEncoding = 4; lastKnownFileType = sourcecode.c.h; path = YOSStyle.h; sourceTree = "<group>"; };
		DBD7E9B81AB35FD7006BFF2A /* YOSStyle.m */ = {isa = PBXFileReference; fileEncoding = 4; lastKnownFileType = sourcecode.c.objc; path = YOSStyle.m; sourceTree = "<group>"; };
		DBD940B11A9367F300CBD51F /* Gossip.app */ = {isa = PBXFileReference; explicitFileType = wrapper.application; includeInIndex = 0; path = Gossip.app; sourceTree = BUILT_PRODUCTS_DIR; };
		DBD940B51A9367F300CBD51F /* Info.plist */ = {isa = PBXFileReference; lastKnownFileType = text.plist.xml; path = Info.plist; sourceTree = "<group>"; };
		DBD940B61A9367F300CBD51F /* main.m */ = {isa = PBXFileReference; lastKnownFileType = sourcecode.c.objc; path = main.m; sourceTree = "<group>"; };
		DBD940B81A9367F300CBD51F /* YOSAppDelegate.h */ = {isa = PBXFileReference; lastKnownFileType = sourcecode.c.h; path = YOSAppDelegate.h; sourceTree = "<group>"; };
		DBD940B91A9367F300CBD51F /* YOSAppDelegate.m */ = {isa = PBXFileReference; lastKnownFileType = sourcecode.c.objc; path = YOSAppDelegate.m; sourceTree = "<group>"; };
		DBD940BB1A9367F300CBD51F /* Images.xcassets */ = {isa = PBXFileReference; lastKnownFileType = folder.assetcatalog; path = Images.xcassets; sourceTree = "<group>"; };
		DBD940BE1A9367F300CBD51F /* Base */ = {isa = PBXFileReference; lastKnownFileType = file.xib; name = Base; path = Base.lproj/LaunchScreen.xib; sourceTree = "<group>"; };
		DBD940C41A9367F300CBD51F /* GossipTests.xctest */ = {isa = PBXFileReference; explicitFileType = wrapper.cfbundle; includeInIndex = 0; path = GossipTests.xctest; sourceTree = BUILT_PRODUCTS_DIR; };
		DBD940C91A9367F300CBD51F /* Info.plist */ = {isa = PBXFileReference; lastKnownFileType = text.plist.xml; path = Info.plist; sourceTree = "<group>"; };
		DBD940CA1A9367F300CBD51F /* GossipTests.m */ = {isa = PBXFileReference; lastKnownFileType = sourcecode.c.objc; path = GossipTests.m; sourceTree = "<group>"; };
		DBD940DA1A93716000CBD51F /* YOSGossipBaseClass.h */ = {isa = PBXFileReference; fileEncoding = 4; lastKnownFileType = sourcecode.c.h; name = YOSGossipBaseClass.h; path = Gossip/YOSGossipBaseClass.h; sourceTree = "<group>"; };
		DBD940DB1A93716000CBD51F /* YOSGossipBaseClass.m */ = {isa = PBXFileReference; fileEncoding = 4; lastKnownFileType = sourcecode.c.objc; name = YOSGossipBaseClass.m; path = Gossip/YOSGossipBaseClass.m; sourceTree = "<group>"; };
		DBD940F41A9374AF00CBD51F /* Model.xcdatamodel */ = {isa = PBXFileReference; lastKnownFileType = wrapper.xcdatamodel; path = Model.xcdatamodel; sourceTree = "<group>"; };
		DBD9411B1A93785000CBD51F /* _YOSPhotoContainer.h */ = {isa = PBXFileReference; fileEncoding = 4; lastKnownFileType = sourcecode.c.h; name = _YOSPhotoContainer.h; path = Gossip/_YOSPhotoContainer.h; sourceTree = "<group>"; };
		DBD9411C1A93785000CBD51F /* _YOSPhotoContainer.m */ = {isa = PBXFileReference; fileEncoding = 4; lastKnownFileType = sourcecode.c.objc; name = _YOSPhotoContainer.m; path = Gossip/_YOSPhotoContainer.m; sourceTree = "<group>"; };
		DBD9411D1A93785000CBD51F /* _YOSService.h */ = {isa = PBXFileReference; fileEncoding = 4; lastKnownFileType = sourcecode.c.h; name = _YOSService.h; path = Gossip/_YOSService.h; sourceTree = "<group>"; };
		DBD9411E1A93785000CBD51F /* _YOSService.m */ = {isa = PBXFileReference; fileEncoding = 4; lastKnownFileType = sourcecode.c.objc; name = _YOSService.m; path = Gossip/_YOSService.m; sourceTree = "<group>"; };
		DBD941211A93785000CBD51F /* YOSPhotoContainer.h */ = {isa = PBXFileReference; fileEncoding = 4; lastKnownFileType = sourcecode.c.h; name = YOSPhotoContainer.h; path = Gossip/YOSPhotoContainer.h; sourceTree = "<group>"; };
		DBD941221A93785000CBD51F /* YOSPhotoContainer.m */ = {isa = PBXFileReference; fileEncoding = 4; lastKnownFileType = sourcecode.c.objc; name = YOSPhotoContainer.m; path = Gossip/YOSPhotoContainer.m; sourceTree = "<group>"; };
		DBD941231A93785000CBD51F /* YOSService.h */ = {isa = PBXFileReference; fileEncoding = 4; lastKnownFileType = sourcecode.c.h; name = YOSService.h; path = Gossip/YOSService.h; sourceTree = "<group>"; };
		DBD941241A93785000CBD51F /* YOSService.m */ = {isa = PBXFileReference; fileEncoding = 4; lastKnownFileType = sourcecode.c.objc; name = YOSService.m; path = Gossip/YOSService.m; sourceTree = "<group>"; };
		DBDEB7741AA6A2C6009F60D2 /* YOSWebViewController.h */ = {isa = PBXFileReference; fileEncoding = 4; lastKnownFileType = sourcecode.c.h; path = YOSWebViewController.h; sourceTree = "<group>"; };
		DBDEB7751AA6A2C6009F60D2 /* YOSWebViewController.m */ = {isa = PBXFileReference; fileEncoding = 4; lastKnownFileType = sourcecode.c.objc; path = YOSWebViewController.m; sourceTree = "<group>"; };
		DBDEB7761AA6A2C6009F60D2 /* YOSWebViewController.xib */ = {isa = PBXFileReference; fileEncoding = 4; lastKnownFileType = file.xib; path = YOSWebViewController.xib; sourceTree = "<group>"; };
		DBE038A81AA8849D00A80C10 /* YOSGoogleOAuth.h */ = {isa = PBXFileReference; fileEncoding = 4; lastKnownFileType = sourcecode.c.h; path = YOSGoogleOAuth.h; sourceTree = "<group>"; };
		DBE038A91AA8849D00A80C10 /* YOSGoogleOAuth.m */ = {isa = PBXFileReference; fileEncoding = 4; lastKnownFileType = sourcecode.c.objc; path = YOSGoogleOAuth.m; sourceTree = "<group>"; };
		DBE038B41AA8EC3100A80C10 /* Settings.h */ = {isa = PBXFileReference; lastKnownFileType = sourcecode.c.h; path = Settings.h; sourceTree = "<group>"; };
		DBE038B81AA910F700A80C10 /* YOSLog.h */ = {isa = PBXFileReference; fileEncoding = 4; lastKnownFileType = sourcecode.c.h; path = YOSLog.h; sourceTree = "<group>"; };
		DBE038B91AA910F700A80C10 /* YOSLog.m */ = {isa = PBXFileReference; fileEncoding = 4; lastKnownFileType = sourcecode.c.objc; path = YOSLog.m; sourceTree = "<group>"; };
		DBE038BB1AA9556D00A80C10 /* Gossip-Prefix.pch */ = {isa = PBXFileReference; fileEncoding = 4; lastKnownFileType = sourcecode.c.h; path = "Gossip-Prefix.pch"; sourceTree = "<group>"; };
		DBE038BC1AA9588000A80C10 /* YOSServices.h */ = {isa = PBXFileReference; fileEncoding = 4; lastKnownFileType = sourcecode.c.h; name = YOSServices.h; path = Gossip/YOSServices.h; sourceTree = "<group>"; };
		DBE038BD1AA9588000A80C10 /* YOSServices.m */ = {isa = PBXFileReference; fileEncoding = 4; lastKnownFileType = sourcecode.c.objc; name = YOSServices.m; path = Gossip/YOSServices.m; sourceTree = "<group>"; };
/* End PBXFileReference section */

/* Begin PBXFrameworksBuildPhase section */
		DBD940AE1A9367F300CBD51F /* Frameworks */ = {
			isa = PBXFrameworksBuildPhase;
			buildActionMask = 2147483647;
			files = (
				BC8ED7367082EFD219FBB065 /* libPods.a in Frameworks */,
			);
			runOnlyForDeploymentPostprocessing = 0;
		};
		DBD940C11A9367F300CBD51F /* Frameworks */ = {
			isa = PBXFrameworksBuildPhase;
			buildActionMask = 2147483647;
			files = (
			);
			runOnlyForDeploymentPostprocessing = 0;
		};
/* End PBXFrameworksBuildPhase section */

/* Begin PBXGroup section */
		2D4E4CA27272F158BDC96C56 /* Pods */ = {
			isa = PBXGroup;
			children = (
				99266B6DF7C1B1470F3288CD /* Pods.debug.xcconfig */,
				4D8321D186707DE2DF38B8AA /* Pods.release.xcconfig */,
			);
			name = Pods;
			sourceTree = "<group>";
		};
		DB0542011A9B2BB90087F90F /* Utilities */ = {
			isa = PBXGroup;
			children = (
				DBE038A81AA8849D00A80C10 /* YOSGoogleOAuth.h */,
				DBE038A91AA8849D00A80C10 /* YOSGoogleOAuth.m */,
				DB98CFE01A9E831000ECC6AA /* YOSJSONObjectGitHub.h */,
				DB98CFE11A9E831000ECC6AA /* YOSJSONObjectGitHub.m */,
				DBE038B81AA910F700A80C10 /* YOSLog.h */,
				DBE038B91AA910F700A80C10 /* YOSLog.m */,
			);
			name = Utilities;
			sourceTree = "<group>";
		};
		DB0542051A9B34990087F90F /* Controllers */ = {
			isa = PBXGroup;
			children = (
				DBC4E6D61A9B861F0044F22A /* CoreData */,
				DB9B3A2C1A95F1B7003B3EE2 /* YOSServicesTableViewController.h */,
				DB9B3A2D1A95F1B7003B3EE2 /* YOSServicesTableViewController.m */,
				DBC4E6E31A9BA8D50044F22A /* YOSEventsTableViewController.h */,
				DBC4E6E41A9BA8D50044F22A /* YOSEventsTableViewController.m */,
				DB6B60E51A9D40A0000B3229 /* YOSAuthViewController.h */,
				DB6B60E61A9D40A0000B3229 /* YOSAuthViewController.m */,
				DB6B60E71A9D40A0000B3229 /* YOSAuthViewController.xib */,
				DBDEB7741AA6A2C6009F60D2 /* YOSWebViewController.h */,
				DBDEB7751AA6A2C6009F60D2 /* YOSWebViewController.m */,
				DBDEB7761AA6A2C6009F60D2 /* YOSWebViewController.xib */,
				DBD7E9B71AB35FD7006BFF2A /* YOSStyle.h */,
				DBD7E9B81AB35FD7006BFF2A /* YOSStyle.m */,
			);
			name = Controllers;
			sourceTree = "<group>";
		};
		DB4B4FD31A95455000605487 /* Human */ = {
			isa = PBXGroup;
			children = (
				DBC4E6D91A9B88E00044F22A /* YOSCredential.h */,
				DBC4E6DA1A9B88E00044F22A /* YOSCredential.m */,
				DB9B3A931A960BDB003B3EE2 /* YOSEvent.h */,
				DB9B3A941A960BDB003B3EE2 /* YOSEvent.m */,
				DBD941211A93785000CBD51F /* YOSPhotoContainer.h */,
				DBD941221A93785000CBD51F /* YOSPhotoContainer.m */,
				DBD941231A93785000CBD51F /* YOSService.h */,
				DBD941241A93785000CBD51F /* YOSService.m */,
			);
			name = Human;
			sourceTree = "<group>";
		};
		DB4E430C1AA4CC9600FEB8EA /* Categories */ = {
			isa = PBXGroup;
			children = (
				DB4E43031AA4CC8B00FEB8EA /* UIImage+Alpha.h */,
				DB4E43041AA4CC8B00FEB8EA /* UIImage+Alpha.m */,
				DB4E43051AA4CC8B00FEB8EA /* UIImage+Resize.h */,
				DB4E43061AA4CC8B00FEB8EA /* UIImage+Resize.m */,
				DB4E43071AA4CC8B00FEB8EA /* UIImage+RoundedCorner.h */,
				DB4E43081AA4CC8B00FEB8EA /* UIImage+RoundedCorner.m */,
				DB4E430D1AA4D02B00FEB8EA /* UIViewController+Navigation.h */,
				DB4E430E1AA4D02B00FEB8EA /* UIViewController+Navigation.m */,
			);
			name = Categories;
			sourceTree = "<group>";
		};
		DBC4E6D51A9B860A0044F22A /* CoreData */ = {
			isa = PBXGroup;
			children = (
				DB0542091A9B426F0087F90F /* AGTCoreDataStack.h */,
				DB05420A1A9B426F0087F90F /* AGTCoreDataStack.m */,
			);
			name = CoreData;
			sourceTree = "<group>";
		};
		DBC4E6D61A9B861F0044F22A /* CoreData */ = {
			isa = PBXGroup;
			children = (
				DB05420C1A9B4CB70087F90F /* AGTCoreDataTableViewController.h */,
				DB05420D1A9B4CB70087F90F /* AGTCoreDataTableViewController.m */,
			);
			name = CoreData;
			sourceTree = "<group>";
		};
		DBC4E6E21A9B8E300044F22A /* Views */ = {
			isa = PBXGroup;
			children = (
				DBC4E6DD1A9B8E200044F22A /* YOSEventTableViewCell.h */,
				DBC4E6DE1A9B8E200044F22A /* YOSEventTableViewCell.m */,
				DBC4E6DF1A9B8E200044F22A /* YOSEventTableViewCell.xib */,
				DBC4E6E61A9BB3450044F22A /* YOSServiceTableViewCell.h */,
				DBC4E6E71A9BB3450044F22A /* YOSServiceTableViewCell.m */,
				DBC4E6E81A9BB3450044F22A /* YOSServiceTableViewCell.xib */,
			);
			name = Views;
			sourceTree = "<group>";
		};
		DBD4F5F71A9C8E4400C94591 /* Resources */ = {
			isa = PBXGroup;
			children = (
				DB2D28651AB8CA170042F206 /* evernote_logo_center_4c-sm.png */,
				DB2D28611AB8C3AB0042F206 /* calendar.png */,
				DB2D285F1AB8BE200042F206 /* mendeley.png */,
				DBD7E9AF1AB32F60006BFF2A /* OpenSans-Bold.ttf */,
				DBD7E9B11AB32F60006BFF2A /* OpenSans-Light.ttf */,
				DB6964501AAA5EF30047FFA5 /* OpenSans-Regular.ttf */,
				DB69644E1AAA5A200047FFA5 /* logo.png */,
				DBC4E6F11A9BDA7D0044F22A /* googleDrive.png */,
				DBC4E6EF1A9BDA600044F22A /* dropbox.png */,
				DBC4E6ED1A9BDA300044F22A /* octocat.png */,
			);
			name = Resources;
			sourceTree = "<group>";
		};
		DBD940A81A9367F200CBD51F = {
			isa = PBXGroup;
			children = (
				DBD940B31A9367F300CBD51F /* Gossip */,
				DBD940B41A9367F300CBD51F /* Supporting Files */,
				DBD940C71A9367F300CBD51F /* GossipTests */,
				DBD940B21A9367F300CBD51F /* Products */,
				2D4E4CA27272F158BDC96C56 /* Pods */,
				E4344749E3572026A1D1C9FD /* Frameworks */,
			);
			sourceTree = "<group>";
		};
		DBD940B21A9367F300CBD51F /* Products */ = {
			isa = PBXGroup;
			children = (
				DBD940B11A9367F300CBD51F /* Gossip.app */,
				DBD940C41A9367F300CBD51F /* GossipTests.xctest */,
			);
			name = Products;
			sourceTree = "<group>";
		};
		DBD940B31A9367F300CBD51F /* Gossip */ = {
			isa = PBXGroup;
			children = (
				DB4E430C1AA4CC9600FEB8EA /* Categories */,
				DBD4F5F71A9C8E4400C94591 /* Resources */,
				DBD940B81A9367F300CBD51F /* YOSAppDelegate.h */,
				DBD940B91A9367F300CBD51F /* YOSAppDelegate.m */,
				DBD940BB1A9367F300CBD51F /* Images.xcassets */,
				DBD940BD1A9367F300CBD51F /* LaunchScreen.xib */,
				DBD940D71A93682A00CBD51F /* Models */,
				DB0542051A9B34990087F90F /* Controllers */,
				DB0542011A9B2BB90087F90F /* Utilities */,
				DBC4E6E21A9B8E300044F22A /* Views */,
			);
			path = Gossip;
			sourceTree = "<group>";
		};
		DBD940B41A9367F300CBD51F /* Supporting Files */ = {
			isa = PBXGroup;
			children = (
				DBE038B41AA8EC3100A80C10 /* Settings.h */,
				DBD940B51A9367F300CBD51F /* Info.plist */,
				DBD940B61A9367F300CBD51F /* main.m */,
				DBE038BB1AA9556D00A80C10 /* Gossip-Prefix.pch */,
			);
			name = "Supporting Files";
			path = Gossip;
			sourceTree = "<group>";
		};
		DBD940C71A9367F300CBD51F /* GossipTests */ = {
			isa = PBXGroup;
			children = (
				DBD940CA1A9367F300CBD51F /* GossipTests.m */,
				DBD940C81A9367F300CBD51F /* Supporting Files */,
			);
			path = GossipTests;
			sourceTree = "<group>";
		};
		DBD940C81A9367F300CBD51F /* Supporting Files */ = {
			isa = PBXGroup;
			children = (
				DBD940C91A9367F300CBD51F /* Info.plist */,
			);
			name = "Supporting Files";
			sourceTree = "<group>";
		};
		DBD940D71A93682A00CBD51F /* Models */ = {
			isa = PBXGroup;
			children = (
				DBE038BC1AA9588000A80C10 /* YOSServices.h */,
				DBE038BD1AA9588000A80C10 /* YOSServices.m */,
				DBC4E6D51A9B860A0044F22A /* CoreData */,
				DBD9412D1A93785A00CBD51F /* Machine */,
				DB4B4FD31A95455000605487 /* Human */,
				DBD940F31A9374AF00CBD51F /* Model.xcdatamodeld */,
				DBD940DA1A93716000CBD51F /* YOSGossipBaseClass.h */,
				DBD940DB1A93716000CBD51F /* YOSGossipBaseClass.m */,
			);
			name = Models;
			path = ..;
			sourceTree = "<group>";
		};
		DBD9412D1A93785A00CBD51F /* Machine */ = {
			isa = PBXGroup;
			children = (
				DBC4E6D71A9B88E00044F22A /* _YOSCredential.h */,
				DBC4E6D81A9B88E00044F22A /* _YOSCredential.m */,
				DB9B3A911A960BDB003B3EE2 /* _YOSEvent.h */,
				DB9B3A921A960BDB003B3EE2 /* _YOSEvent.m */,
				DBD9411B1A93785000CBD51F /* _YOSPhotoContainer.h */,
				DBD9411C1A93785000CBD51F /* _YOSPhotoContainer.m */,
				DBD9411D1A93785000CBD51F /* _YOSService.h */,
				DBD9411E1A93785000CBD51F /* _YOSService.m */,
			);
			name = Machine;
			sourceTree = "<group>";
		};
		E4344749E3572026A1D1C9FD /* Frameworks */ = {
			isa = PBXGroup;
			children = (
				C128A4EC93C920ED136614B3 /* libPods.a */,
			);
			name = Frameworks;
			sourceTree = "<group>";
		};
/* End PBXGroup section */

/* Begin PBXNativeTarget section */
		DBD940B01A9367F300CBD51F /* Gossip */ = {
			isa = PBXNativeTarget;
			buildConfigurationList = DBD940CE1A9367F300CBD51F /* Build configuration list for PBXNativeTarget "Gossip" */;
			buildPhases = (
				C715723F7D3B0D9FD688DB55 /* Check Pods Manifest.lock */,
				DBD940AD1A9367F300CBD51F /* Sources */,
				DBD940AE1A9367F300CBD51F /* Frameworks */,
				DBD940AF1A9367F300CBD51F /* Resources */,
				CB34F1AC2400C423E16A7972 /* Copy Pods Resources */,
			);
			buildRules = (
			);
			dependencies = (
			);
			name = Gossip;
			productName = Gossip;
			productReference = DBD940B11A9367F300CBD51F /* Gossip.app */;
			productType = "com.apple.product-type.application";
		};
		DBD940C31A9367F300CBD51F /* GossipTests */ = {
			isa = PBXNativeTarget;
			buildConfigurationList = DBD940D11A9367F300CBD51F /* Build configuration list for PBXNativeTarget "GossipTests" */;
			buildPhases = (
				DBD940C01A9367F300CBD51F /* Sources */,
				DBD940C11A9367F300CBD51F /* Frameworks */,
				DBD940C21A9367F300CBD51F /* Resources */,
			);
			buildRules = (
			);
			dependencies = (
				DBD940C61A9367F300CBD51F /* PBXTargetDependency */,
			);
			name = GossipTests;
			productName = GossipTests;
			productReference = DBD940C41A9367F300CBD51F /* GossipTests.xctest */;
			productType = "com.apple.product-type.bundle.unit-test";
		};
/* End PBXNativeTarget section */

/* Begin PBXProject section */
		DBD940A91A9367F200CBD51F /* Project object */ = {
			isa = PBXProject;
			attributes = {
				CLASSPREFIX = YOS;
				LastUpgradeCheck = 0610;
				ORGANIZATIONNAME = YOS;
				TargetAttributes = {
					DBD940B01A9367F300CBD51F = {
						CreatedOnToolsVersion = 6.1.1;
					};
					DBD940C31A9367F300CBD51F = {
						CreatedOnToolsVersion = 6.1.1;
						TestTargetID = DBD940B01A9367F300CBD51F;
					};
				};
			};
			buildConfigurationList = DBD940AC1A9367F200CBD51F /* Build configuration list for PBXProject "Gossip" */;
			compatibilityVersion = "Xcode 3.2";
			developmentRegion = English;
			hasScannedForEncodings = 0;
			knownRegions = (
				en,
				Base,
			);
			mainGroup = DBD940A81A9367F200CBD51F;
			productRefGroup = DBD940B21A9367F300CBD51F /* Products */;
			projectDirPath = "";
			projectRoot = "";
			targets = (
				DBD940B01A9367F300CBD51F /* Gossip */,
				DBD940C31A9367F300CBD51F /* GossipTests */,
			);
		};
/* End PBXProject section */

/* Begin PBXResourcesBuildPhase section */
		DBD940AF1A9367F300CBD51F /* Resources */ = {
			isa = PBXResourcesBuildPhase;
			buildActionMask = 2147483647;
			files = (
				DBD940BF1A9367F300CBD51F /* LaunchScreen.xib in Resources */,
				DB6964511AAA5EF30047FFA5 /* OpenSans-Regular.ttf in Resources */,
				DBD7E9B51AB32F60006BFF2A /* OpenSans-Light.ttf in Resources */,
				DBD7E9B31AB32F60006BFF2A /* OpenSans-Bold.ttf in Resources */,
				DBD940BC1A9367F300CBD51F /* Images.xcassets in Resources */,
				DB2D28621AB8C3AB0042F206 /* calendar.png in Resources */,
				DBC4E6E11A9B8E200044F22A /* YOSEventTableViewCell.xib in Resources */,
				DBC4E6EA1A9BB3450044F22A /* YOSServiceTableViewCell.xib in Resources */,
				DBC4E6F01A9BDA600044F22A /* dropbox.png in Resources */,
				DBC4E6EE1A9BDA300044F22A /* octocat.png in Resources */,
				DBC4E6F21A9BDA7D0044F22A /* googleDrive.png in Resources */,
				DB6B60E91A9D40A0000B3229 /* YOSAuthViewController.xib in Resources */,
				DB2D28661AB8CA170042F206 /* evernote_logo_center_4c-sm.png in Resources */,
				DB69644F1AAA5A200047FFA5 /* logo.png in Resources */,
				DB2D28601AB8BE200042F206 /* mendeley.png in Resources */,
				DBDEB7781AA6A2C6009F60D2 /* YOSWebViewController.xib in Resources */,
			);
			runOnlyForDeploymentPostprocessing = 0;
		};
		DBD940C21A9367F300CBD51F /* Resources */ = {
			isa = PBXResourcesBuildPhase;
			buildActionMask = 2147483647;
			files = (
			);
			runOnlyForDeploymentPostprocessing = 0;
		};
/* End PBXResourcesBuildPhase section */

/* Begin PBXShellScriptBuildPhase section */
		C715723F7D3B0D9FD688DB55 /* Check Pods Manifest.lock */ = {
			isa = PBXShellScriptBuildPhase;
			buildActionMask = 2147483647;
			files = (
			);
			inputPaths = (
			);
			name = "Check Pods Manifest.lock";
			outputPaths = (
			);
			runOnlyForDeploymentPostprocessing = 0;
			shellPath = /bin/sh;
			shellScript = "diff \"${PODS_ROOT}/../Podfile.lock\" \"${PODS_ROOT}/Manifest.lock\" > /dev/null\nif [[ $? != 0 ]] ; then\n    cat << EOM\nerror: The sandbox is not in sync with the Podfile.lock. Run 'pod install' or update your CocoaPods installation.\nEOM\n    exit 1\nfi\n";
			showEnvVarsInLog = 0;
		};
		CB34F1AC2400C423E16A7972 /* Copy Pods Resources */ = {
			isa = PBXShellScriptBuildPhase;
			buildActionMask = 2147483647;
			files = (
			);
			inputPaths = (
			);
			name = "Copy Pods Resources";
			outputPaths = (
			);
			runOnlyForDeploymentPostprocessing = 0;
			shellPath = /bin/sh;
			shellScript = "\"${SRCROOT}/Pods/Target Support Files/Pods/Pods-resources.sh\"\n";
			showEnvVarsInLog = 0;
		};
/* End PBXShellScriptBuildPhase section */

/* Begin PBXSourcesBuildPhase section */
		DBD940AD1A9367F300CBD51F /* Sources */ = {
			isa = PBXSourcesBuildPhase;
			buildActionMask = 2147483647;
			files = (
				DBE038BA1AA910F700A80C10 /* YOSLog.m in Sources */,
				DBE038AA1AA8849D00A80C10 /* YOSGoogleOAuth.m in Sources */,
				DB4E430F1AA4D02B00FEB8EA /* UIViewController+Navigation.m in Sources */,
				DB9B3A961A960BDB003B3EE2 /* YOSEvent.m in Sources */,
				DBD940DC1A93716000CBD51F /* YOSGossipBaseClass.m in Sources */,
				DB9B3A2E1A95F1B7003B3EE2 /* YOSServicesTableViewController.m in Sources */,
				DBD940BA1A9367F300CBD51F /* YOSAppDelegate.m in Sources */,
				DBD9412B1A93785000CBD51F /* YOSService.m in Sources */,
				DB4E430B1AA4CC8B00FEB8EA /* UIImage+RoundedCorner.m in Sources */,
				DBD940B71A9367F300CBD51F /* main.m in Sources */,
				DBD941271A93785000CBD51F /* _YOSPhotoContainer.m in Sources */,
				DBC4E6DC1A9B88E00044F22A /* YOSCredential.m in Sources */,
				DBC4E6DB1A9B88E00044F22A /* _YOSCredential.m in Sources */,
				DBDEB7771AA6A2C6009F60D2 /* YOSWebViewController.m in Sources */,
				DBD940F51A9374AF00CBD51F /* Model.xcdatamodeld in Sources */,
				DB05420E1A9B4CB70087F90F /* AGTCoreDataTableViewController.m in Sources */,
				DBD7E9B91AB35FD7006BFF2A /* YOSStyle.m in Sources */,
				DB4E43091AA4CC8B00FEB8EA /* UIImage+Alpha.m in Sources */,
				DBC4E6E51A9BA8D50044F22A /* YOSEventsTableViewController.m in Sources */,
				DBC4E6E91A9BB3450044F22A /* YOSServiceTableViewCell.m in Sources */,
				DBC4E6E01A9B8E200044F22A /* YOSEventTableViewCell.m in Sources */,
				DBD9412A1A93785000CBD51F /* YOSPhotoContainer.m in Sources */,
				DB6B60E81A9D40A0000B3229 /* YOSAuthViewController.m in Sources */,
				DB9B3A951A960BDB003B3EE2 /* _YOSEvent.m in Sources */,
				DBE038BE1AA9588000A80C10 /* YOSServices.m in Sources */,
				DBD941281A93785000CBD51F /* _YOSService.m in Sources */,
				DB4E430A1AA4CC8B00FEB8EA /* UIImage+Resize.m in Sources */,
				DB05420B1A9B426F0087F90F /* AGTCoreDataStack.m in Sources */,
				DB98CFE21A9E831000ECC6AA /* YOSJSONObjectGitHub.m in Sources */,
			);
			runOnlyForDeploymentPostprocessing = 0;
		};
		DBD940C01A9367F300CBD51F /* Sources */ = {
			isa = PBXSourcesBuildPhase;
			buildActionMask = 2147483647;
			files = (
				DBD940CB1A9367F300CBD51F /* GossipTests.m in Sources */,
			);
			runOnlyForDeploymentPostprocessing = 0;
		};
/* End PBXSourcesBuildPhase section */

/* Begin PBXTargetDependency section */
		DBD940C61A9367F300CBD51F /* PBXTargetDependency */ = {
			isa = PBXTargetDependency;
			target = DBD940B01A9367F300CBD51F /* Gossip */;
			targetProxy = DBD940C51A9367F300CBD51F /* PBXContainerItemProxy */;
		};
/* End PBXTargetDependency section */

/* Begin PBXVariantGroup section */
		DBD940BD1A9367F300CBD51F /* LaunchScreen.xib */ = {
			isa = PBXVariantGroup;
			children = (
				DBD940BE1A9367F300CBD51F /* Base */,
			);
			name = LaunchScreen.xib;
			sourceTree = "<group>";
		};
/* End PBXVariantGroup section */

/* Begin XCBuildConfiguration section */
		DBD940CC1A9367F300CBD51F /* Debug */ = {
			isa = XCBuildConfiguration;
			buildSettings = {
				ALWAYS_SEARCH_USER_PATHS = NO;
				CLANG_CXX_LANGUAGE_STANDARD = "gnu++0x";
				CLANG_CXX_LIBRARY = "libc++";
				CLANG_ENABLE_MODULES = YES;
				CLANG_ENABLE_OBJC_ARC = YES;
				CLANG_WARN_BOOL_CONVERSION = YES;
				CLANG_WARN_CONSTANT_CONVERSION = YES;
				CLANG_WARN_DIRECT_OBJC_ISA_USAGE = YES_ERROR;
				CLANG_WARN_EMPTY_BODY = YES;
				CLANG_WARN_ENUM_CONVERSION = YES;
				CLANG_WARN_INT_CONVERSION = YES;
				CLANG_WARN_OBJC_ROOT_CLASS = YES_ERROR;
				CLANG_WARN_UNREACHABLE_CODE = YES;
				CLANG_WARN__DUPLICATE_METHOD_MATCH = YES;
				"CODE_SIGN_IDENTITY[sdk=iphoneos*]" = "iPhone Developer";
				COPY_PHASE_STRIP = NO;
				ENABLE_STRICT_OBJC_MSGSEND = YES;
				GCC_C_LANGUAGE_STANDARD = gnu99;
				GCC_DYNAMIC_NO_PIC = NO;
				GCC_OPTIMIZATION_LEVEL = 0;
				GCC_PREPROCESSOR_DEFINITIONS = (
					"DEBUG=1",
					"$(inherited)",
				);
				GCC_SYMBOLS_PRIVATE_EXTERN = NO;
				GCC_WARN_64_TO_32_BIT_CONVERSION = YES;
				GCC_WARN_ABOUT_RETURN_TYPE = YES_ERROR;
				GCC_WARN_UNDECLARED_SELECTOR = YES;
				GCC_WARN_UNINITIALIZED_AUTOS = YES_AGGRESSIVE;
				GCC_WARN_UNUSED_FUNCTION = YES;
				GCC_WARN_UNUSED_VARIABLE = YES;
				IPHONEOS_DEPLOYMENT_TARGET = 8.1;
				MTL_ENABLE_DEBUG_INFO = YES;
				ONLY_ACTIVE_ARCH = YES;
				SDKROOT = iphoneos;
			};
			name = Debug;
		};
		DBD940CD1A9367F300CBD51F /* Release */ = {
			isa = XCBuildConfiguration;
			buildSettings = {
				ALWAYS_SEARCH_USER_PATHS = NO;
				CLANG_CXX_LANGUAGE_STANDARD = "gnu++0x";
				CLANG_CXX_LIBRARY = "libc++";
				CLANG_ENABLE_MODULES = YES;
				CLANG_ENABLE_OBJC_ARC = YES;
				CLANG_WARN_BOOL_CONVERSION = YES;
				CLANG_WARN_CONSTANT_CONVERSION = YES;
				CLANG_WARN_DIRECT_OBJC_ISA_USAGE = YES_ERROR;
				CLANG_WARN_EMPTY_BODY = YES;
				CLANG_WARN_ENUM_CONVERSION = YES;
				CLANG_WARN_INT_CONVERSION = YES;
				CLANG_WARN_OBJC_ROOT_CLASS = YES_ERROR;
				CLANG_WARN_UNREACHABLE_CODE = YES;
				CLANG_WARN__DUPLICATE_METHOD_MATCH = YES;
				"CODE_SIGN_IDENTITY[sdk=iphoneos*]" = "iPhone Developer";
				COPY_PHASE_STRIP = YES;
				ENABLE_NS_ASSERTIONS = NO;
				ENABLE_STRICT_OBJC_MSGSEND = YES;
				GCC_C_LANGUAGE_STANDARD = gnu99;
				GCC_WARN_64_TO_32_BIT_CONVERSION = YES;
				GCC_WARN_ABOUT_RETURN_TYPE = YES_ERROR;
				GCC_WARN_UNDECLARED_SELECTOR = YES;
				GCC_WARN_UNINITIALIZED_AUTOS = YES_AGGRESSIVE;
				GCC_WARN_UNUSED_FUNCTION = YES;
				GCC_WARN_UNUSED_VARIABLE = YES;
				IPHONEOS_DEPLOYMENT_TARGET = 8.1;
				MTL_ENABLE_DEBUG_INFO = NO;
				SDKROOT = iphoneos;
				VALIDATE_PRODUCT = YES;
			};
			name = Release;
		};
		DBD940CF1A9367F300CBD51F /* Debug */ = {
			isa = XCBuildConfiguration;
			baseConfigurationReference = 99266B6DF7C1B1470F3288CD /* Pods.debug.xcconfig */;
			buildSettings = {
				ASSETCATALOG_COMPILER_APPICON_NAME = AppIcon;
				INFOPLIST_FILE = Gossip/Info.plist;
				IPHONEOS_DEPLOYMENT_TARGET = 7.1;
				LD_RUNPATH_SEARCH_PATHS = "$(inherited) @executable_path/Frameworks";
				New_Setting = "";
				PRODUCT_NAME = "$(TARGET_NAME)";
				TARGETED_DEVICE_FAMILY = 1;
			};
			name = Debug;
		};
		DBD940D01A9367F300CBD51F /* Release */ = {
			isa = XCBuildConfiguration;
			baseConfigurationReference = 4D8321D186707DE2DF38B8AA /* Pods.release.xcconfig */;
			buildSettings = {
				ASSETCATALOG_COMPILER_APPICON_NAME = AppIcon;
				INFOPLIST_FILE = Gossip/Info.plist;
				IPHONEOS_DEPLOYMENT_TARGET = 7.1;
				LD_RUNPATH_SEARCH_PATHS = "$(inherited) @executable_path/Frameworks";
				New_Setting = "";
				PRODUCT_NAME = "$(TARGET_NAME)";
				TARGETED_DEVICE_FAMILY = 1;
			};
			name = Release;
		};
		DBD940D21A9367F300CBD51F /* Debug */ = {
			isa = XCBuildConfiguration;
			buildSettings = {
				BUNDLE_LOADER = "$(TEST_HOST)";
				FRAMEWORK_SEARCH_PATHS = (
					"$(SDKROOT)/Developer/Library/Frameworks",
					"$(inherited)",
				);
				GCC_PREPROCESSOR_DEFINITIONS = (
					"DEBUG=1",
					"$(inherited)",
				);
				INFOPLIST_FILE = GossipTests/Info.plist;
				LD_RUNPATH_SEARCH_PATHS = "$(inherited) @executable_path/Frameworks @loader_path/Frameworks";
				PRODUCT_NAME = "$(TARGET_NAME)";
				TEST_HOST = "$(BUILT_PRODUCTS_DIR)/Gossip.app/Gossip";
			};
			name = Debug;
		};
		DBD940D31A9367F300CBD51F /* Release */ = {
			isa = XCBuildConfiguration;
			buildSettings = {
				BUNDLE_LOADER = "$(TEST_HOST)";
				FRAMEWORK_SEARCH_PATHS = (
					"$(SDKROOT)/Developer/Library/Frameworks",
					"$(inherited)",
				);
				INFOPLIST_FILE = GossipTests/Info.plist;
				LD_RUNPATH_SEARCH_PATHS = "$(inherited) @executable_path/Frameworks @loader_path/Frameworks";
				PRODUCT_NAME = "$(TARGET_NAME)";
				TEST_HOST = "$(BUILT_PRODUCTS_DIR)/Gossip.app/Gossip";
			};
			name = Release;
		};
/* End XCBuildConfiguration section */

/* Begin XCConfigurationList section */
		DBD940AC1A9367F200CBD51F /* Build configuration list for PBXProject "Gossip" */ = {
			isa = XCConfigurationList;
			buildConfigurations = (
				DBD940CC1A9367F300CBD51F /* Debug */,
				DBD940CD1A9367F300CBD51F /* Release */,
			);
			defaultConfigurationIsVisible = 0;
			defaultConfigurationName = Release;
		};
		DBD940CE1A9367F300CBD51F /* Build configuration list for PBXNativeTarget "Gossip" */ = {
			isa = XCConfigurationList;
			buildConfigurations = (
				DBD940CF1A9367F300CBD51F /* Debug */,
				DBD940D01A9367F300CBD51F /* Release */,
			);
			defaultConfigurationIsVisible = 0;
			defaultConfigurationName = Release;
		};
		DBD940D11A9367F300CBD51F /* Build configuration list for PBXNativeTarget "GossipTests" */ = {
			isa = XCConfigurationList;
			buildConfigurations = (
				DBD940D21A9367F300CBD51F /* Debug */,
				DBD940D31A9367F300CBD51F /* Release */,
			);
			defaultConfigurationIsVisible = 0;
			defaultConfigurationName = Release;
		};
/* End XCConfigurationList section */

/* Begin XCVersionGroup section */
		DBD940F31A9374AF00CBD51F /* Model.xcdatamodeld */ = {
			isa = XCVersionGroup;
			children = (
				DBD940F41A9374AF00CBD51F /* Model.xcdatamodel */,
			);
			currentVersion = DBD940F41A9374AF00CBD51F /* Model.xcdatamodel */;
			name = Model.xcdatamodeld;
			path = Gossip/Model.xcdatamodeld;
			sourceTree = "<group>";
			versionGroupType = wrapper.xcdatamodel;
		};
/* End XCVersionGroup section */
	};
	rootObject = DBD940A91A9367F200CBD51F /* Project object */;
}
